
Microsoft Visual Studio Solution File, Format Version 12.00
# Visual Studio Version 16
VisualStudioVersion = 16.0.31702.278
MinimumVisualStudioVersion = 10.0.40219.1
Project("{9A19103F-16F7-4668-BE54-9A1E7A4F7556}") = "MyApi", "MyApi\MyApi.csproj", "{2A5A11B0-43E5-43BA-BA6A-CD2CCD1376A0}"
EndProject
Project("{FAE04EC0-301F-11D3-BF4B-00C04F79EFBC}") = "MyClient", "MyClient\MyClient.csproj", "{BB31C6F8-1858-48DF-8667-7BC5BA3B1CA1}"
EndProject
Project("{FAE04EC0-301F-11D3-BF4B-00C04F79EFBC}") = "CommonProject", "CommonProject\CommonProject.csproj", "{FDA5D197-96D3-4FB0-86AB-CB9A4265B119}"
EndProject
Project("{FAE04EC0-301F-11D3-BF4B-00C04F79EFBC}") = "MyMediatorModel", "MyMediatorModel\MyMediatorModel.csproj", "{F8F50108-3021-4C0A-AAFA-485BC960C6F0}"
EndProject
Project("{FAE04EC0-301F-11D3-BF4B-00C04F79EFBC}") = "MyModelAndDatabase", "MyModelAndDatabase\MyModelAndDatabase.csproj", "{025F2926-4BF1-4CDC-8539-597D4728FE89}"
EndProject
Global
	GlobalSection(SolutionConfigurationPlatforms) = preSolution
		Debug|Any CPU = Debug|Any CPU
		Release|Any CPU = Release|Any CPU
	EndGlobalSection
	GlobalSection(ProjectConfigurationPlatforms) = postSolution
		{2A5A11B0-43E5-43BA-BA6A-CD2CCD1376A0}.Debug|Any CPU.ActiveCfg = Debug|Any CPU
		{2A5A11B0-43E5-43BA-BA6A-CD2CCD1376A0}.Debug|Any CPU.Build.0 = Debug|Any CPU
		{2A5A11B0-43E5-43BA-BA6A-CD2CCD1376A0}.Release|Any CPU.ActiveCfg = Release|Any CPU
		{2A5A11B0-43E5-43BA-BA6A-CD2CCD1376A0}.Release|Any CPU.Build.0 = Release|Any CPU
		{BB31C6F8-1858-48DF-8667-7BC5BA3B1CA1}.Debug|Any CPU.ActiveCfg = Debug|Any CPU
		{BB31C6F8-1858-48DF-8667-7BC5BA3B1CA1}.Debug|Any CPU.Build.0 = Debug|Any CPU
		{BB31C6F8-1858-48DF-8667-7BC5BA3B1CA1}.Release|Any CPU.ActiveCfg = Release|Any CPU
		{BB31C6F8-1858-48DF-8667-7BC5BA3B1CA1}.Release|Any CPU.Build.0 = Release|Any CPU
		{FDA5D197-96D3-4FB0-86AB-CB9A4265B119}.Debug|Any CPU.ActiveCfg = Debug|Any CPU
		{FDA5D197-96D3-4FB0-86AB-CB9A4265B119}.Debug|Any CPU.Build.0 = Debug|Any CPU
		{FDA5D197-96D3-4FB0-86AB-CB9A4265B119}.Release|Any CPU.ActiveCfg = Release|Any CPU
		{FDA5D197-96D3-4FB0-86AB-CB9A4265B119}.Release|Any CPU.Build.0 = Release|Any CPU
		{F8F50108-3021-4C0A-AAFA-485BC960C6F0}.Debug|Any CPU.ActiveCfg = Debug|Any CPU
		{F8F50108-3021-4C0A-AAFA-485BC960C6F0}.Debug|Any CPU.Build.0 = Debug|Any CPU
		{F8F50108-3021-4C0A-AAFA-485BC960C6F0}.Release|Any CPU.ActiveCfg = Release|Any CPU
		{F8F50108-3021-4C0A-AAFA-485BC960C6F0}.Release|Any CPU.Build.0 = Release|Any CPU
		{025F2926-4BF1-4CDC-8539-597D4728FE89}.Debug|Any CPU.ActiveCfg = Debug|Any CPU
		{025F2926-4BF1-4CDC-8539-597D4728FE89}.Debug|Any CPU.Build.0 = Debug|Any CPU
		{025F2926-4BF1-4CDC-8539-597D4728FE89}.Release|Any CPU.ActiveCfg = Release|Any CPU
		{025F2926-4BF1-4CDC-8539-597D4728FE89}.Release|Any CPU.Build.0 = Release|Any CPU
	EndGlobalSection
	GlobalSection(SolutionProperties) = preSolution
		HideSolutionNode = FALSE
	EndGlobalSection
	GlobalSection(ExtensibilityGlobals) = postSolution
		SolutionGuid = {64505D1C-AF6C-41E5-9237-7DB5D7F8ECDA}
	EndGlobalSection
EndGlobal
